<?xml version="1.0" encoding="utf-8"?>
<Project ToolsVersion="4.0" xmlns="http://schemas.microsoft.com/developer/msbuild/2003">
  <ItemGroup>
    <Filter Include="examples">
      <UniqueIdentifier>{cfe111e8-08b6-402e-8c93-4e83f8fd73ac}</UniqueIdentifier>
    </Filter>
    <Filter Include="tests">
      <UniqueIdentifier>{ee1baaef-91e8-42b3-92a0-3194c936c349}</UniqueIdentifier>
    </Filter>
    <Filter Include="libsrc">
      <UniqueIdentifier>{f0de0908-f056-4ca2-8ee6-ac665e0a4b69}</UniqueIdentifier>
    </Filter>
    <Filter Include="utility">
      <UniqueIdentifier>{41ed847a-c5d6-4515-83bd-d62678690992}</UniqueIdentifier>
    </Filter>
    <Filter Include="FSM">
      <UniqueIdentifier>{b32e9af0-ff38-4024-abc4-163f21c06986}</UniqueIdentifier>
    </Filter>
  </ItemGroup>
  <ItemGroup>
    <ClInclude Include="tests\universal.h">
      <Filter>tests</Filter>
    </ClInclude>
    <ClInclude Include="tests\fsm.h">
      <Filter>tests</Filter>
    </ClInclude>
    <ClInclude Include="LADataStructs.h">
      <Filter>libsrc</Filter>
    </ClInclude>
    <ClInclude Include="LexicalAnalyzer.h">
      <Filter>libsrc</Filter>
    </ClInclude>
    <ClInclude Include="DFA.h">
      <Filter>FSM</Filter>
    </ClInclude>
    <ClInclude Include="FiniteStateMachine.h">
      <Filter>FSM</Filter>
    </ClInclude>
    <ClInclude Include="NFA.h">
      <Filter>FSM</Filter>
    </ClInclude>
    <ClInclude Include="Logger.h">
      <Filter>utility</Filter>
    </ClInclude>
    <ClInclude Include="common.h">
      <Filter>utility</Filter>
    </ClInclude>
  </ItemGroup>
  <ItemGroup>
    <ClCompile Include="tests\universal.cpp">
      <Filter>tests</Filter>
    </ClCompile>
    <ClCompile Include="tests\dfa.cpp">
      <Filter>tests</Filter>
    </ClCompile>
    <ClCompile Include="tests\nfa.cpp">
      <Filter>tests</Filter>
    </ClCompile>
    <ClCompile Include="tests\lexical analyzer.cpp">
      <Filter>tests</Filter>
    </ClCompile>
    <ClCompile Include="examples\main.cpp">
      <Filter>examples</Filter>
    </ClCompile>
    <ClCompile Include="FiniteStateMachine.cpp">
      <Filter>FSM</Filter>
    </ClCompile>
    <ClCompile Include="Logger.cpp">
      <Filter>utility</Filter>
    </ClCompile>
    <ClCompile Include="common.cpp">
      <Filter>utility</Filter>
    </ClCompile>
    <ClCompile Include="examples\example 1.cpp">
      <Filter>examples</Filter>
    </ClCompile>
  </ItemGroup>
  <ItemGroup>
    <None Include="packages.config" />
  </ItemGroup>
</Project>